
Microsoft Visual Studio Solution File, Format Version 12.00
# Visual Studio Version 16
VisualStudioVersion = 16.0.29418.71
MinimumVisualStudioVersion = 10.0.40219.1
Project("{FAE04EC0-301F-11D3-BF4B-00C04F79EFBC}") = "GameCatalogXApi", "GameCatalogXApi\GameCatalogXApi.csproj", "{ECFFA3D9-47A6-45E3-AB1F-A012F517A068}"
EndProject
Project("{FAE04EC0-301F-11D3-BF4B-00C04F79EFBC}") = "GameCatalogXApi.Tests", "GameCatalogXApi.Tests\GameCatalogXApi.Tests.csproj", "{D9BCA6D2-3865-42A1-BCEF-A6BBF1AE1C3C}"
EndProject
Global
	GlobalSection(SolutionConfigurationPlatforms) = preSolution
		Debug|Any CPU = Debug|Any CPU
		Release|Any CPU = Release|Any CPU
	EndGlobalSection
	GlobalSection(ProjectConfigurationPlatforms) = postSolution
		{ECFFA3D9-47A6-45E3-AB1F-A012F517A068}.Debug|Any CPU.ActiveCfg = Debug|Any CPU
		{ECFFA3D9-47A6-45E3-AB1F-A012F517A068}.Debug|Any CPU.Build.0 = Debug|Any CPU
		{ECFFA3D9-47A6-45E3-AB1F-A012F517A068}.Release|Any CPU.ActiveCfg = Release|Any CPU
		{ECFFA3D9-47A6-45E3-AB1F-A012F517A068}.Release|Any CPU.Build.0 = Release|Any CPU
		{D9BCA6D2-3865-42A1-BCEF-A6BBF1AE1C3C}.Debug|Any CPU.ActiveCfg = Debug|Any CPU
		{D9BCA6D2-3865-42A1-BCEF-A6BBF1AE1C3C}.Debug|Any CPU.Build.0 = Debug|Any CPU
		{D9BCA6D2-3865-42A1-BCEF-A6BBF1AE1C3C}.Release|Any CPU.ActiveCfg = Release|Any CPU
		{D9BCA6D2-3865-42A1-BCEF-A6BBF1AE1C3C}.Release|Any CPU.Build.0 = Release|Any CPU
	EndGlobalSection
	GlobalSection(SolutionProperties) = preSolution
		HideSolutionNode = FALSE
	EndGlobalSection
	GlobalSection(ExtensibilityGlobals) = postSolution
		SolutionGuid = {E6CCA52F-2046-49FE-9618-B752F2BC9B82}
	EndGlobalSection
EndGlobal
